
Microsoft Visual Studio Solution File, Format Version 12.00
# Visual Studio Version 17
VisualStudioVersion = 17.5.33414.496
MinimumVisualStudioVersion = 10.0.40219.1
Project("{9A19103F-16F7-4668-BE54-9A1E7A4F7556}") = "MailLab", "MailLab\MailLab.csproj", "{98A86FF6-6FCC-47B7-9784-518321314D06}"
EndProject
Project("{FAE04EC0-301F-11D3-BF4B-00C04F79EFBC}") = "ViewModel", "ViewModel\ViewModel.csproj", "{05559028-6CA8-4527-92D2-3A2F2748D0E4}"
EndProject
Project("{FAE04EC0-301F-11D3-BF4B-00C04F79EFBC}") = "Model", "Model\Model.csproj", "{B477E541-6041-4397-80F3-B8C99B986843}"
EndProject
Global
	GlobalSection(SolutionConfigurationPlatforms) = preSolution
		Debug|Any CPU = Debug|Any CPU
		Release|Any CPU = Release|Any CPU
	EndGlobalSection
	GlobalSection(ProjectConfigurationPlatforms) = postSolution
		{98A86FF6-6FCC-47B7-9784-518321314D06}.Debug|Any CPU.ActiveCfg = Debug|Any CPU
		{98A86FF6-6FCC-47B7-9784-518321314D06}.Debug|Any CPU.Build.0 = Debug|Any CPU
		{98A86FF6-6FCC-47B7-9784-518321314D06}.Release|Any CPU.ActiveCfg = Release|Any CPU
		{98A86FF6-6FCC-47B7-9784-518321314D06}.Release|Any CPU.Build.0 = Release|Any CPU
		{05559028-6CA8-4527-92D2-3A2F2748D0E4}.Debug|Any CPU.ActiveCfg = Debug|Any CPU
		{05559028-6CA8-4527-92D2-3A2F2748D0E4}.Debug|Any CPU.Build.0 = Debug|Any CPU
		{05559028-6CA8-4527-92D2-3A2F2748D0E4}.Release|Any CPU.ActiveCfg = Release|Any CPU
		{05559028-6CA8-4527-92D2-3A2F2748D0E4}.Release|Any CPU.Build.0 = Release|Any CPU
		{B477E541-6041-4397-80F3-B8C99B986843}.Debug|Any CPU.ActiveCfg = Debug|Any CPU
		{B477E541-6041-4397-80F3-B8C99B986843}.Debug|Any CPU.Build.0 = Debug|Any CPU
		{B477E541-6041-4397-80F3-B8C99B986843}.Release|Any CPU.ActiveCfg = Release|Any CPU
		{B477E541-6041-4397-80F3-B8C99B986843}.Release|Any CPU.Build.0 = Release|Any CPU
	EndGlobalSection
	GlobalSection(SolutionProperties) = preSolution
		HideSolutionNode = FALSE
	EndGlobalSection
	GlobalSection(ExtensibilityGlobals) = postSolution
		SolutionGuid = {AB7810EF-209C-4F8C-8A6D-5E0404DE77F6}
	EndGlobalSection
EndGlobal
